
Microsoft Visual Studio Solution File, Format Version 12.00
# Visual Studio Version 17
VisualStudioVersion = 17.1.32328.378
MinimumVisualStudioVersion = 10.0.40219.1
Project("{FAE04EC0-301F-11D3-BF4B-00C04F79EFBC}") = "Tabuada 2", "Tabuada 2\Tabuada 2.csproj", "{E7148376-282A-4210-BCBD-5F1A6511C98B}"
EndProject
Global
	GlobalSection(SolutionConfigurationPlatforms) = preSolution
		Debug|Any CPU = Debug|Any CPU
		Release|Any CPU = Release|Any CPU
	EndGlobalSection
	GlobalSection(ProjectConfigurationPlatforms) = postSolution
		{E7148376-282A-4210-BCBD-5F1A6511C98B}.Debug|Any CPU.ActiveCfg = Debug|Any CPU
		{E7148376-282A-4210-BCBD-5F1A6511C98B}.Debug|Any CPU.Build.0 = Debug|Any CPU
		{E7148376-282A-4210-BCBD-5F1A6511C98B}.Release|Any CPU.ActiveCfg = Release|Any CPU
		{E7148376-282A-4210-BCBD-5F1A6511C98B}.Release|Any CPU.Build.0 = Release|Any CPU
	EndGlobalSection
	GlobalSection(SolutionProperties) = preSolution
		HideSolutionNode = FALSE
	EndGlobalSection
	GlobalSection(ExtensibilityGlobals) = postSolution
		SolutionGuid = {63C69D7C-F98E-465E-BD6C-3C0FF31268BF}
	EndGlobalSection
EndGlobal
