
Microsoft Visual Studio Solution File, Format Version 12.00
# Visual Studio Version 17
VisualStudioVersion = 17.1.32328.378
MinimumVisualStudioVersion = 10.0.40219.1
Project("{FAE04EC0-301F-11D3-BF4B-00C04F79EFBC}") = "AulaVS10", "AulaVS10\AulaVS10.csproj", "{3BB2461C-4706-471C-8560-84E5FD45D9E2}"
EndProject
Global
	GlobalSection(SolutionConfigurationPlatforms) = preSolution
		Debug|Any CPU = Debug|Any CPU
		Release|Any CPU = Release|Any CPU
	EndGlobalSection
	GlobalSection(ProjectConfigurationPlatforms) = postSolution
		{3BB2461C-4706-471C-8560-84E5FD45D9E2}.Debug|Any CPU.ActiveCfg = Debug|Any CPU
		{3BB2461C-4706-471C-8560-84E5FD45D9E2}.Debug|Any CPU.Build.0 = Debug|Any CPU
		{3BB2461C-4706-471C-8560-84E5FD45D9E2}.Release|Any CPU.ActiveCfg = Release|Any CPU
		{3BB2461C-4706-471C-8560-84E5FD45D9E2}.Release|Any CPU.Build.0 = Release|Any CPU
	EndGlobalSection
	GlobalSection(SolutionProperties) = preSolution
		HideSolutionNode = FALSE
	EndGlobalSection
	GlobalSection(ExtensibilityGlobals) = postSolution
		SolutionGuid = {7C388DE9-E015-4525-B8D3-7000C5D901C7}
	EndGlobalSection
EndGlobal
