
Microsoft Visual Studio Solution File, Format Version 12.00
# Visual Studio Version 17
VisualStudioVersion = 17.1.32328.378
MinimumVisualStudioVersion = 10.0.40219.1
Project("{FAE04EC0-301F-11D3-BF4B-00C04F79EFBC}") = "ConsoleApp1", "ConsoleApp1\ConsoleApp1.csproj", "{E2F41CD2-15CB-4636-A632-59028B5F1AAD}"
EndProject
Global
	GlobalSection(SolutionConfigurationPlatforms) = preSolution
		Debug|Any CPU = Debug|Any CPU
		Release|Any CPU = Release|Any CPU
	EndGlobalSection
	GlobalSection(ProjectConfigurationPlatforms) = postSolution
		{E2F41CD2-15CB-4636-A632-59028B5F1AAD}.Debug|Any CPU.ActiveCfg = Debug|Any CPU
		{E2F41CD2-15CB-4636-A632-59028B5F1AAD}.Debug|Any CPU.Build.0 = Debug|Any CPU
		{E2F41CD2-15CB-4636-A632-59028B5F1AAD}.Release|Any CPU.ActiveCfg = Release|Any CPU
		{E2F41CD2-15CB-4636-A632-59028B5F1AAD}.Release|Any CPU.Build.0 = Release|Any CPU
	EndGlobalSection
	GlobalSection(SolutionProperties) = preSolution
		HideSolutionNode = FALSE
	EndGlobalSection
	GlobalSection(ExtensibilityGlobals) = postSolution
		SolutionGuid = {AC7E50F0-F616-48ED-BB34-F846969B3309}
	EndGlobalSection
EndGlobal
