
Microsoft Visual Studio Solution File, Format Version 12.00
# Visual Studio Version 17
VisualStudioVersion = 17.1.32328.378
MinimumVisualStudioVersion = 10.0.40219.1
Project("{FAE04EC0-301F-11D3-BF4B-00C04F79EFBC}") = "ConsoleApp2", "ConsoleApp2\ConsoleApp2.csproj", "{939AF92A-0CB5-41B9-BDF4-11D5936299BF}"
EndProject
Global
	GlobalSection(SolutionConfigurationPlatforms) = preSolution
		Debug|Any CPU = Debug|Any CPU
		Release|Any CPU = Release|Any CPU
	EndGlobalSection
	GlobalSection(ProjectConfigurationPlatforms) = postSolution
		{939AF92A-0CB5-41B9-BDF4-11D5936299BF}.Debug|Any CPU.ActiveCfg = Debug|Any CPU
		{939AF92A-0CB5-41B9-BDF4-11D5936299BF}.Debug|Any CPU.Build.0 = Debug|Any CPU
		{939AF92A-0CB5-41B9-BDF4-11D5936299BF}.Release|Any CPU.ActiveCfg = Release|Any CPU
		{939AF92A-0CB5-41B9-BDF4-11D5936299BF}.Release|Any CPU.Build.0 = Release|Any CPU
	EndGlobalSection
	GlobalSection(SolutionProperties) = preSolution
		HideSolutionNode = FALSE
	EndGlobalSection
	GlobalSection(ExtensibilityGlobals) = postSolution
		SolutionGuid = {86B22271-0890-44FB-A688-91AB049FF4A6}
	EndGlobalSection
EndGlobal
